
Microsoft Visual Studio Solution File, Format Version 12.00
# Visual Studio Version 17
VisualStudioVersion = 17.8.34330.188
MinimumVisualStudioVersion = 10.0.40219.1
Project("{FAE04EC0-301F-11D3-BF4B-00C04F79EFBC}") = "WpfApp9", "WpfApp9.csproj", "{0EDE1021-B5FC-48C7-A536-17A64BA7D74A}"
EndProject
Global
	GlobalSection(SolutionConfigurationPlatforms) = preSolution
		Debug|Any CPU = Debug|Any CPU
		Release|Any CPU = Release|Any CPU
	EndGlobalSection
	GlobalSection(ProjectConfigurationPlatforms) = postSolution
		{0EDE1021-B5FC-48C7-A536-17A64BA7D74A}.Debug|Any CPU.ActiveCfg = Debug|Any CPU
		{0EDE1021-B5FC-48C7-A536-17A64BA7D74A}.Debug|Any CPU.Build.0 = Debug|Any CPU
		{0EDE1021-B5FC-48C7-A536-17A64BA7D74A}.Release|Any CPU.ActiveCfg = Release|Any CPU
		{0EDE1021-B5FC-48C7-A536-17A64BA7D74A}.Release|Any CPU.Build.0 = Release|Any CPU
	EndGlobalSection
	GlobalSection(SolutionProperties) = preSolution
		HideSolutionNode = FALSE
	EndGlobalSection
	GlobalSection(ExtensibilityGlobals) = postSolution
		SolutionGuid = {C4963BDF-5503-4A1F-88F5-CFE49A9C8C6F}
	EndGlobalSection
EndGlobal
